
Microsoft Visual Studio Solution File, Format Version 11.00
# Visual Studio 2010
Project("{FAE04EC0-301F-11D3-BF4B-00C04F79EFBC}") = "AroonHorn", "AroonHorn\AroonHorn.csproj", "{136FE921-D45B-4ECD-83A6-01985937491C}"
EndProject
Global
	GlobalSection(SolutionConfigurationPlatforms) = preSolution
		Debug|Any CPU = Debug|Any CPU
		Release|Any CPU = Release|Any CPU
	EndGlobalSection
	GlobalSection(ProjectConfigurationPlatforms) = postSolution
		{136FE921-D45B-4ECD-83A6-01985937491C}.Debug|Any CPU.ActiveCfg = Debug|Any CPU
		{136FE921-D45B-4ECD-83A6-01985937491C}.Debug|Any CPU.Build.0 = Debug|Any CPU
		{136FE921-D45B-4ECD-83A6-01985937491C}.Release|Any CPU.ActiveCfg = Release|Any CPU
		{136FE921-D45B-4ECD-83A6-01985937491C}.Release|Any CPU.Build.0 = Release|Any CPU
	EndGlobalSection
	GlobalSection(SolutionProperties) = preSolution
		HideSolutionNode = FALSE
	EndGlobalSection
EndGlobal
