
Microsoft Visual Studio Solution File, Format Version 11.00
# Visual Studio 2010
Project("{FAE04EC0-301F-11D3-BF4B-00C04F79EFBC}") = "Chande Momentum Oscillator", "Chande Momentum Oscillator\Chande Momentum Oscillator.csproj", "{24E12987-FD15-4980-BE5F-BD34490BFC29}"
EndProject
Global
	GlobalSection(SolutionConfigurationPlatforms) = preSolution
		Debug|Any CPU = Debug|Any CPU
		Release|Any CPU = Release|Any CPU
	EndGlobalSection
	GlobalSection(ProjectConfigurationPlatforms) = postSolution
		{24E12987-FD15-4980-BE5F-BD34490BFC29}.Debug|Any CPU.ActiveCfg = Debug|Any CPU
		{24E12987-FD15-4980-BE5F-BD34490BFC29}.Debug|Any CPU.Build.0 = Debug|Any CPU
		{24E12987-FD15-4980-BE5F-BD34490BFC29}.Release|Any CPU.ActiveCfg = Release|Any CPU
		{24E12987-FD15-4980-BE5F-BD34490BFC29}.Release|Any CPU.Build.0 = Release|Any CPU
	EndGlobalSection
	GlobalSection(SolutionProperties) = preSolution
		HideSolutionNode = FALSE
	EndGlobalSection
EndGlobal
