
Microsoft Visual Studio Solution File, Format Version 11.00
# Visual Studio 2010
Project("{FAE04EC0-301F-11D3-BF4B-00C04F79EFBC}") = "GaussianFilterAl", "GaussianFilterAl\GaussianFilterAl.csproj", "{67E51DBC-B511-4939-A603-4BF4EB74EACE}"
EndProject
Global
	GlobalSection(SolutionConfigurationPlatforms) = preSolution
		Debug|Any CPU = Debug|Any CPU
		Release|Any CPU = Release|Any CPU
	EndGlobalSection
	GlobalSection(ProjectConfigurationPlatforms) = postSolution
		{67E51DBC-B511-4939-A603-4BF4EB74EACE}.Debug|Any CPU.ActiveCfg = Debug|Any CPU
		{67E51DBC-B511-4939-A603-4BF4EB74EACE}.Debug|Any CPU.Build.0 = Debug|Any CPU
		{67E51DBC-B511-4939-A603-4BF4EB74EACE}.Release|Any CPU.ActiveCfg = Release|Any CPU
		{67E51DBC-B511-4939-A603-4BF4EB74EACE}.Release|Any CPU.Build.0 = Release|Any CPU
	EndGlobalSection
	GlobalSection(SolutionProperties) = preSolution
		HideSolutionNode = FALSE
	EndGlobalSection
EndGlobal
