
Microsoft Visual Studio Solution File, Format Version 11.00
# Visual Studio 2010
Project("{FAE04EC0-301F-11D3-BF4B-00C04F79EFBC}") = "Xpma", "Xpma\Xpma.csproj", "{A472AAFB-FE2A-4103-832E-6E95BEA5CDC1}"
EndProject
Global
	GlobalSection(SolutionConfigurationPlatforms) = preSolution
		Debug|Any CPU = Debug|Any CPU
		Release|Any CPU = Release|Any CPU
	EndGlobalSection
	GlobalSection(ProjectConfigurationPlatforms) = postSolution
		{A472AAFB-FE2A-4103-832E-6E95BEA5CDC1}.Debug|Any CPU.ActiveCfg = Debug|Any CPU
		{A472AAFB-FE2A-4103-832E-6E95BEA5CDC1}.Debug|Any CPU.Build.0 = Debug|Any CPU
		{A472AAFB-FE2A-4103-832E-6E95BEA5CDC1}.Release|Any CPU.ActiveCfg = Release|Any CPU
		{A472AAFB-FE2A-4103-832E-6E95BEA5CDC1}.Release|Any CPU.Build.0 = Release|Any CPU
	EndGlobalSection
	GlobalSection(SolutionProperties) = preSolution
		HideSolutionNode = FALSE
	EndGlobalSection
EndGlobal
