
Microsoft Visual Studio Solution File, Format Version 11.00
# Visual Studio 2010
Project("{FAE04EC0-301F-11D3-BF4B-00C04F79EFBC}") = "Zero Lag MACD", "Zero Lag MACD\Zero Lag MACD.csproj", "{DB568DC8-49F4-45D5-B647-658620A5A807}"
EndProject
Global
	GlobalSection(SolutionConfigurationPlatforms) = preSolution
		Debug|Any CPU = Debug|Any CPU
		Release|Any CPU = Release|Any CPU
	EndGlobalSection
	GlobalSection(ProjectConfigurationPlatforms) = postSolution
		{DB568DC8-49F4-45D5-B647-658620A5A807}.Debug|Any CPU.ActiveCfg = Debug|Any CPU
		{DB568DC8-49F4-45D5-B647-658620A5A807}.Debug|Any CPU.Build.0 = Debug|Any CPU
		{DB568DC8-49F4-45D5-B647-658620A5A807}.Release|Any CPU.ActiveCfg = Release|Any CPU
		{DB568DC8-49F4-45D5-B647-658620A5A807}.Release|Any CPU.Build.0 = Release|Any CPU
	EndGlobalSection
	GlobalSection(SolutionProperties) = preSolution
		HideSolutionNode = FALSE
	EndGlobalSection
EndGlobal
