
Microsoft Visual Studio Solution File, Format Version 11.00
# Visual Studio 2010
Project("{FAE04EC0-301F-11D3-BF4B-00C04F79EFBC}") = "MarketHours", "MarketHours\MarketHours.csproj", "{CD7D948A-1741-4E2D-A3E9-0C2F6F15E3E7}"
EndProject
Global
	GlobalSection(SolutionConfigurationPlatforms) = preSolution
		Debug|Any CPU = Debug|Any CPU
		Release|Any CPU = Release|Any CPU
	EndGlobalSection
	GlobalSection(ProjectConfigurationPlatforms) = postSolution
		{CD7D948A-1741-4E2D-A3E9-0C2F6F15E3E7}.Debug|Any CPU.ActiveCfg = Debug|Any CPU
		{CD7D948A-1741-4E2D-A3E9-0C2F6F15E3E7}.Debug|Any CPU.Build.0 = Debug|Any CPU
		{CD7D948A-1741-4E2D-A3E9-0C2F6F15E3E7}.Release|Any CPU.ActiveCfg = Release|Any CPU
		{CD7D948A-1741-4E2D-A3E9-0C2F6F15E3E7}.Release|Any CPU.Build.0 = Release|Any CPU
	EndGlobalSection
	GlobalSection(SolutionProperties) = preSolution
		HideSolutionNode = FALSE
	EndGlobalSection
EndGlobal
